// !$*UTF8*$!
{
	archiveVersion = 1;
	classes = {
	};
	objectVersion = 55;
	objects = {

/* Begin PBXBuildFile section */
		51E934307997285C5192ECB3 /* Pods_ATMVVMDemo.framework in Frameworks */ = {isa = PBXBuildFile; fileRef = E9110B0BD1416EBF9042DF89 /* Pods_ATMVVMDemo.framework */; };
		53D0D01B28E1B0210047AAE8 /* StudentsListViewController2.swift in Sources */ = {isa = PBXBuildFile; fileRef = 53D0D01A28E1B0210047AAE8 /* StudentsListViewController2.swift */; };
		53D0D01D28E1B1080047AAE8 /* StudentsListVM2.swift in Sources */ = {isa = PBXBuildFile; fileRef = 53D0D01C28E1B1080047AAE8 /* StudentsListVM2.swift */; };
		53D0D01F28E1B14A0047AAE8 /* StudentsListRowVM2.swift in Sources */ = {isa = PBXBuildFile; fileRef = 53D0D01E28E1B14A0047AAE8 /* StudentsListRowVM2.swift */; };
		53D0D02228E1B1820047AAE8 /* StudentsListCell2.swift in Sources */ = {isa = PBXBuildFile; fileRef = 53D0D02028E1B1820047AAE8 /* StudentsListCell2.swift */; };
		53D0D02328E1B1820047AAE8 /* StudentsListCell2.xib in Resources */ = {isa = PBXBuildFile; fileRef = 53D0D02128E1B1820047AAE8 /* StudentsListCell2.xib */; };
		53D0D02628E1B4A40047AAE8 /* StudentsEditViewController2.xib in Resources */ = {isa = PBXBuildFile; fileRef = 53D0D02428E1B4A30047AAE8 /* StudentsEditViewController2.xib */; };
		53D0D02728E1B4A40047AAE8 /* StudentsEditViewController2.swift in Sources */ = {isa = PBXBuildFile; fileRef = 53D0D02528E1B4A30047AAE8 /* StudentsEditViewController2.swift */; };
		53E20E7028DD6217004DEE0D /* AppDelegate.swift in Sources */ = {isa = PBXBuildFile; fileRef = 53E20E6F28DD6217004DEE0D /* AppDelegate.swift */; };
		53E20E7228DD6217004DEE0D /* SceneDelegate.swift in Sources */ = {isa = PBXBuildFile; fileRef = 53E20E7128DD6217004DEE0D /* SceneDelegate.swift */; };
		53E20E7428DD6217004DEE0D /* ViewController.swift in Sources */ = {isa = PBXBuildFile; fileRef = 53E20E7328DD6217004DEE0D /* ViewController.swift */; };
		53E20E7728DD6217004DEE0D /* Main.storyboard in Resources */ = {isa = PBXBuildFile; fileRef = 53E20E7528DD6217004DEE0D /* Main.storyboard */; };
		53E20E7928DD6218004DEE0D /* Assets.xcassets in Resources */ = {isa = PBXBuildFile; fileRef = 53E20E7828DD6218004DEE0D /* Assets.xcassets */; };
		53E20E7C28DD6218004DEE0D /* LaunchScreen.storyboard in Resources */ = {isa = PBXBuildFile; fileRef = 53E20E7A28DD6218004DEE0D /* LaunchScreen.storyboard */; };
		53E20E8528DD6357004DEE0D /* StudentsListViewController.swift in Sources */ = {isa = PBXBuildFile; fileRef = 53E20E8428DD6357004DEE0D /* StudentsListViewController.swift */; };
		53E20E8A28DD639E004DEE0D /* StudentsEditViewController.swift in Sources */ = {isa = PBXBuildFile; fileRef = 53E20E8828DD639E004DEE0D /* StudentsEditViewController.swift */; };
		53E20E8B28DD639E004DEE0D /* StudentsEditViewController.xib in Resources */ = {isa = PBXBuildFile; fileRef = 53E20E8928DD639E004DEE0D /* StudentsEditViewController.xib */; };
		53E20E8D28DD63BD004DEE0D /* StudentsListVM.swift in Sources */ = {isa = PBXBuildFile; fileRef = 53E20E8C28DD63BD004DEE0D /* StudentsListVM.swift */; };
		53E20E8F28DD63F9004DEE0D /* StudentsModel.swift in Sources */ = {isa = PBXBuildFile; fileRef = 53E20E8E28DD63F9004DEE0D /* StudentsModel.swift */; };
		53E20E9728DD64C3004DEE0D /* StudentsListCell.swift in Sources */ = {isa = PBXBuildFile; fileRef = 53E20E9528DD64C3004DEE0D /* StudentsListCell.swift */; };
		53E20E9828DD64C3004DEE0D /* StudentsListCell.xib in Resources */ = {isa = PBXBuildFile; fileRef = 53E20E9628DD64C3004DEE0D /* StudentsListCell.xib */; };
		53E20E9A28DD66CE004DEE0D /* StudentsListRowVM.swift in Sources */ = {isa = PBXBuildFile; fileRef = 53E20E9928DD66CE004DEE0D /* StudentsListRowVM.swift */; };
/* End PBXBuildFile section */

/* Begin PBXFileReference section */
		53D0D01A28E1B0210047AAE8 /* StudentsListViewController2.swift */ = {isa = PBXFileReference; lastKnownFileType = sourcecode.swift; path = StudentsListViewController2.swift; sourceTree = "<group>"; };
		53D0D01C28E1B1080047AAE8 /* StudentsListVM2.swift */ = {isa = PBXFileReference; lastKnownFileType = sourcecode.swift; path = StudentsListVM2.swift; sourceTree = "<group>"; };
		53D0D01E28E1B14A0047AAE8 /* StudentsListRowVM2.swift */ = {isa = PBXFileReference; lastKnownFileType = sourcecode.swift; path = StudentsListRowVM2.swift; sourceTree = "<group>"; };
		53D0D02028E1B1820047AAE8 /* StudentsListCell2.swift */ = {isa = PBXFileReference; lastKnownFileType = sourcecode.swift; path = StudentsListCell2.swift; sourceTree = "<group>"; };
		53D0D02128E1B1820047AAE8 /* StudentsListCell2.xib */ = {isa = PBXFileReference; lastKnownFileType = file.xib; path = StudentsListCell2.xib; sourceTree = "<group>"; };
		53D0D02428E1B4A30047AAE8 /* StudentsEditViewController2.xib */ = {isa = PBXFileReference; fileEncoding = 4; lastKnownFileType = file.xib; path = StudentsEditViewController2.xib; sourceTree = "<group>"; };
		53D0D02528E1B4A30047AAE8 /* StudentsEditViewController2.swift */ = {isa = PBXFileReference; fileEncoding = 4; lastKnownFileType = sourcecode.swift; path = StudentsEditViewController2.swift; sourceTree = "<group>"; };
		53E20E6C28DD6217004DEE0D /* ATMVVMDemo.app */ = {isa = PBXFileReference; explicitFileType = wrapper.application; includeInIndex = 0; path = ATMVVMDemo.app; sourceTree = BUILT_PRODUCTS_DIR; };
		53E20E6F28DD6217004DEE0D /* AppDelegate.swift */ = {isa = PBXFileReference; lastKnownFileType = sourcecode.swift; path = AppDelegate.swift; sourceTree = "<group>"; };
		53E20E7128DD6217004DEE0D /* SceneDelegate.swift */ = {isa = PBXFileReference; lastKnownFileType = sourcecode.swift; path = SceneDelegate.swift; sourceTree = "<group>"; };
		53E20E7328DD6217004DEE0D /* ViewController.swift */ = {isa = PBXFileReference; lastKnownFileType = sourcecode.swift; path = ViewController.swift; sourceTree = "<group>"; };
		53E20E7628DD6217004DEE0D /* Base */ = {isa = PBXFileReference; lastKnownFileType = file.storyboard; name = Base; path = Base.lproj/Main.storyboard; sourceTree = "<group>"; };
		53E20E7828DD6218004DEE0D /* Assets.xcassets */ = {isa = PBXFileReference; lastKnownFileType = folder.assetcatalog; path = Assets.xcassets; sourceTree = "<group>"; };
		53E20E7B28DD6218004DEE0D /* Base */ = {isa = PBXFileReference; lastKnownFileType = file.storyboard; name = Base; path = Base.lproj/LaunchScreen.storyboard; sourceTree = "<group>"; };
		53E20E7D28DD6218004DEE0D /* Info.plist */ = {isa = PBXFileReference; lastKnownFileType = text.plist.xml; path = Info.plist; sourceTree = "<group>"; };
		53E20E8428DD6357004DEE0D /* StudentsListViewController.swift */ = {isa = PBXFileReference; lastKnownFileType = sourcecode.swift; path = StudentsListViewController.swift; sourceTree = "<group>"; };
		53E20E8828DD639E004DEE0D /* StudentsEditViewController.swift */ = {isa = PBXFileReference; lastKnownFileType = sourcecode.swift; path = StudentsEditViewController.swift; sourceTree = "<group>"; };
		53E20E8928DD639E004DEE0D /* StudentsEditViewController.xib */ = {isa = PBXFileReference; lastKnownFileType = file.xib; path = StudentsEditViewController.xib; sourceTree = "<group>"; };
		53E20E8C28DD63BD004DEE0D /* StudentsListVM.swift */ = {isa = PBXFileReference; lastKnownFileType = sourcecode.swift; path = StudentsListVM.swift; sourceTree = "<group>"; };
		53E20E8E28DD63F9004DEE0D /* StudentsModel.swift */ = {isa = PBXFileReference; lastKnownFileType = sourcecode.swift; path = StudentsModel.swift; sourceTree = "<group>"; };
		53E20E9528DD64C3004DEE0D /* StudentsListCell.swift */ = {isa = PBXFileReference; lastKnownFileType = sourcecode.swift; path = StudentsListCell.swift; sourceTree = "<group>"; };
		53E20E9628DD64C3004DEE0D /* StudentsListCell.xib */ = {isa = PBXFileReference; lastKnownFileType = file.xib; path = StudentsListCell.xib; sourceTree = "<group>"; };
		53E20E9928DD66CE004DEE0D /* StudentsListRowVM.swift */ = {isa = PBXFileReference; lastKnownFileType = sourcecode.swift; path = StudentsListRowVM.swift; sourceTree = "<group>"; };
		65DDCC202AC5C97C74509FBF /* Pods-ATMVVMDemo.debug.xcconfig */ = {isa = PBXFileReference; includeInIndex = 1; lastKnownFileType = text.xcconfig; name = "Pods-ATMVVMDemo.debug.xcconfig"; path = "Target Support Files/Pods-ATMVVMDemo/Pods-ATMVVMDemo.debug.xcconfig"; sourceTree = "<group>"; };
		B4359648759E44E24BF0AB18 /* Pods-ATMVVMDemo.release.xcconfig */ = {isa = PBXFileReference; includeInIndex = 1; lastKnownFileType = text.xcconfig; name = "Pods-ATMVVMDemo.release.xcconfig"; path = "Target Support Files/Pods-ATMVVMDemo/Pods-ATMVVMDemo.release.xcconfig"; sourceTree = "<group>"; };
		E9110B0BD1416EBF9042DF89 /* Pods_ATMVVMDemo.framework */ = {isa = PBXFileReference; explicitFileType = wrapper.framework; includeInIndex = 0; path = Pods_ATMVVMDemo.framework; sourceTree = BUILT_PRODUCTS_DIR; };
/* End PBXFileReference section */

/* Begin PBXFrameworksBuildPhase section */
		53E20E6928DD6217004DEE0D /* Frameworks */ = {
			isa = PBXFrameworksBuildPhase;
			buildActionMask = 2147483647;
			files = (
				51E934307997285C5192ECB3 /* Pods_ATMVVMDemo.framework in Frameworks */,
			);
			runOnlyForDeploymentPostprocessing = 0;
		};
/* End PBXFrameworksBuildPhase section */

/* Begin PBXGroup section */
		53D0D01628E1AE680047AAE8 /* Students2 */ = {
			isa = PBXGroup;
			children = (
				53D0D01928E1AE8A0047AAE8 /* VM */,
				53D0D01828E1AE850047AAE8 /* View */,
				53D0D01728E1AE7B0047AAE8 /* Controller */,
			);
			path = Students2;
			sourceTree = "<group>";
		};
		53D0D01728E1AE7B0047AAE8 /* Controller */ = {
			isa = PBXGroup;
			children = (
				53D0D01A28E1B0210047AAE8 /* StudentsListViewController2.swift */,
				53D0D02528E1B4A30047AAE8 /* StudentsEditViewController2.swift */,
				53D0D02428E1B4A30047AAE8 /* StudentsEditViewController2.xib */,
			);
			path = Controller;
			sourceTree = "<group>";
		};
		53D0D01828E1AE850047AAE8 /* View */ = {
			isa = PBXGroup;
			children = (
				53D0D02028E1B1820047AAE8 /* StudentsListCell2.swift */,
				53D0D02128E1B1820047AAE8 /* StudentsListCell2.xib */,
			);
			path = View;
			sourceTree = "<group>";
		};
		53D0D01928E1AE8A0047AAE8 /* VM */ = {
			isa = PBXGroup;
			children = (
				53D0D01C28E1B1080047AAE8 /* StudentsListVM2.swift */,
				53D0D01E28E1B14A0047AAE8 /* StudentsListRowVM2.swift */,
			);
			path = VM;
			sourceTree = "<group>";
		};
		53E20E6328DD6217004DEE0D = {
			isa = PBXGroup;
			children = (
				53E20E6E28DD6217004DEE0D /* ATMVVMDemo */,
				53E20E6D28DD6217004DEE0D /* Products */,
				5CACD0DC7CC175383ABAAEBD /* Pods */,
				FD0442D2398762076F18BE1E /* Frameworks */,
			);
			sourceTree = "<group>";
		};
		53E20E6D28DD6217004DEE0D /* Products */ = {
			isa = PBXGroup;
			children = (
				53E20E6C28DD6217004DEE0D /* ATMVVMDemo.app */,
			);
			name = Products;
			sourceTree = "<group>";
		};
		53E20E6E28DD6217004DEE0D /* ATMVVMDemo */ = {
			isa = PBXGroup;
			children = (
				53E20E6F28DD6217004DEE0D /* AppDelegate.swift */,
				53E20E7128DD6217004DEE0D /* SceneDelegate.swift */,
				53E20E7328DD6217004DEE0D /* ViewController.swift */,
				53E20E9328DD64A7004DEE0D /* Model */,
				53D0D01628E1AE680047AAE8 /* Students2 */,
				53E20E8328DD6336004DEE0D /* Students */,
				53E20E7528DD6217004DEE0D /* Main.storyboard */,
				53E20E7828DD6218004DEE0D /* Assets.xcassets */,
				53E20E7A28DD6218004DEE0D /* LaunchScreen.storyboard */,
				53E20E7D28DD6218004DEE0D /* Info.plist */,
			);
			path = ATMVVMDemo;
			sourceTree = "<group>";
		};
		53E20E8328DD6336004DEE0D /* Students */ = {
			isa = PBXGroup;
			children = (
				53E20E9428DD64AD004DEE0D /* View */,
				53E20E9128DD6499004DEE0D /* VM */,
				53E20E9028DD6494004DEE0D /* Controller */,
			);
			path = Students;
			sourceTree = "<group>";
		};
		53E20E9028DD6494004DEE0D /* Controller */ = {
			isa = PBXGroup;
			children = (
				53E20E8428DD6357004DEE0D /* StudentsListViewController.swift */,
				53E20E8828DD639E004DEE0D /* StudentsEditViewController.swift */,
				53E20E8928DD639E004DEE0D /* StudentsEditViewController.xib */,
			);
			path = Controller;
			sourceTree = "<group>";
		};
		53E20E9128DD6499004DEE0D /* VM */ = {
			isa = PBXGroup;
			children = (
				53E20E9928DD66CE004DEE0D /* StudentsListRowVM.swift */,
				53E20E8C28DD63BD004DEE0D /* StudentsListVM.swift */,
			);
			path = VM;
			sourceTree = "<group>";
		};
		53E20E9328DD64A7004DEE0D /* Model */ = {
			isa = PBXGroup;
			children = (
				53E20E8E28DD63F9004DEE0D /* StudentsModel.swift */,
			);
			path = Model;
			sourceTree = "<group>";
		};
		53E20E9428DD64AD004DEE0D /* View */ = {
			isa = PBXGroup;
			children = (
				53E20E9528DD64C3004DEE0D /* StudentsListCell.swift */,
				53E20E9628DD64C3004DEE0D /* StudentsListCell.xib */,
			);
			path = View;
			sourceTree = "<group>";
		};
		5CACD0DC7CC175383ABAAEBD /* Pods */ = {
			isa = PBXGroup;
			children = (
				65DDCC202AC5C97C74509FBF /* Pods-ATMVVMDemo.debug.xcconfig */,
				B4359648759E44E24BF0AB18 /* Pods-ATMVVMDemo.release.xcconfig */,
			);
			path = Pods;
			sourceTree = "<group>";
		};
		FD0442D2398762076F18BE1E /* Frameworks */ = {
			isa = PBXGroup;
			children = (
				E9110B0BD1416EBF9042DF89 /* Pods_ATMVVMDemo.framework */,
			);
			name = Frameworks;
			sourceTree = "<group>";
		};
/* End PBXGroup section */

/* Begin PBXNativeTarget section */
		53E20E6B28DD6217004DEE0D /* ATMVVMDemo */ = {
			isa = PBXNativeTarget;
			buildConfigurationList = 53E20E8028DD6218004DEE0D /* Build configuration list for PBXNativeTarget "ATMVVMDemo" */;
			buildPhases = (
				B4663FE5F168FA9DD4DDE3B7 /* [CP] Check Pods Manifest.lock */,
				53E20E6828DD6217004DEE0D /* Sources */,
				53E20E6928DD6217004DEE0D /* Frameworks */,
				53E20E6A28DD6217004DEE0D /* Resources */,
				6EFD865B691ADA9E412DFAEE /* [CP] Embed Pods Frameworks */,
			);
			buildRules = (
			);
			dependencies = (
			);
			name = ATMVVMDemo;
			productName = ATMVVMDemo;
			productReference = 53E20E6C28DD6217004DEE0D /* ATMVVMDemo.app */;
			productType = "com.apple.product-type.application";
		};
/* End PBXNativeTarget section */

/* Begin PBXProject section */
		53E20E6428DD6217004DEE0D /* Project object */ = {
			isa = PBXProject;
			attributes = {
				BuildIndependentTargetsInParallel = 1;
				LastSwiftUpdateCheck = 1330;
				LastUpgradeCheck = 1330;
				TargetAttributes = {
					53E20E6B28DD6217004DEE0D = {
						CreatedOnToolsVersion = 13.3;
					};
				};
			};
			buildConfigurationList = 53E20E6728DD6217004DEE0D /* Build configuration list for PBXProject "ATMVVMDemo" */;
			compatibilityVersion = "Xcode 13.0";
			developmentRegion = en;
			hasScannedForEncodings = 0;
			knownRegions = (
				en,
				Base,
			);
			mainGroup = 53E20E6328DD6217004DEE0D;
			productRefGroup = 53E20E6D28DD6217004DEE0D /* Products */;
			projectDirPath = "";
			projectRoot = "";
			targets = (
				53E20E6B28DD6217004DEE0D /* ATMVVMDemo */,
			);
		};
/* End PBXProject section */

/* Begin PBXResourcesBuildPhase section */
		53E20E6A28DD6217004DEE0D /* Resources */ = {
			isa = PBXResourcesBuildPhase;
			buildActionMask = 2147483647;
			files = (
				53E20E7C28DD6218004DEE0D /* LaunchScreen.storyboard in Resources */,
				53E20E7928DD6218004DEE0D /* Assets.xcassets in Resources */,
				53E20E8B28DD639E004DEE0D /* StudentsEditViewController.xib in Resources */,
				53E20E7728DD6217004DEE0D /* Main.storyboard in Resources */,
				53D0D02328E1B1820047AAE8 /* StudentsListCell2.xib in Resources */,
				53E20E9828DD64C3004DEE0D /* StudentsListCell.xib in Resources */,
				53D0D02628E1B4A40047AAE8 /* StudentsEditViewController2.xib in Resources */,
			);
			runOnlyForDeploymentPostprocessing = 0;
		};
/* End PBXResourcesBuildPhase section */

/* Begin PBXShellScriptBuildPhase section */
		6EFD865B691ADA9E412DFAEE /* [CP] Embed Pods Frameworks */ = {
			isa = PBXShellScriptBuildPhase;
			buildActionMask = 2147483647;
			files = (
			);
			inputFileListPaths = (
				"${PODS_ROOT}/Target Support Files/Pods-ATMVVMDemo/Pods-ATMVVMDemo-frameworks-${CONFIGURATION}-input-files.xcfilelist",
			);
			name = "[CP] Embed Pods Frameworks";
			outputFileListPaths = (
				"${PODS_ROOT}/Target Support Files/Pods-ATMVVMDemo/Pods-ATMVVMDemo-frameworks-${CONFIGURATION}-output-files.xcfilelist",
			);
			runOnlyForDeploymentPostprocessing = 0;
			shellPath = /bin/sh;
			shellScript = "\"${PODS_ROOT}/Target Support Files/Pods-ATMVVMDemo/Pods-ATMVVMDemo-frameworks.sh\"\n";
			showEnvVarsInLog = 0;
		};
		B4663FE5F168FA9DD4DDE3B7 /* [CP] Check Pods Manifest.lock */ = {
			isa = PBXShellScriptBuildPhase;
			buildActionMask = 2147483647;
			files = (
			);
			inputFileListPaths = (
			);
			inputPaths = (
				"${PODS_PODFILE_DIR_PATH}/Podfile.lock",
				"${PODS_ROOT}/Manifest.lock",
			);
			name = "[CP] Check Pods Manifest.lock";
			outputFileListPaths = (
			);
			outputPaths = (
				"$(DERIVED_FILE_DIR)/Pods-ATMVVMDemo-checkManifestLockResult.txt",
			);
			runOnlyForDeploymentPostprocessing = 0;
			shellPath = /bin/sh;
			shellScript = "diff \"${PODS_PODFILE_DIR_PATH}/Podfile.lock\" \"${PODS_ROOT}/Manifest.lock\" > /dev/null\nif [ $? != 0 ] ; then\n    # print error to STDERR\n    echo \"error: The sandbox is not in sync with the Podfile.lock. Run 'pod install' or update your CocoaPods installation.\" >&2\n    exit 1\nfi\n# This output is used by Xcode 'outputs' to avoid re-running this script phase.\necho \"SUCCESS\" > \"${SCRIPT_OUTPUT_FILE_0}\"\n";
			showEnvVarsInLog = 0;
		};
/* End PBXShellScriptBuildPhase section */

/* Begin PBXSourcesBuildPhase section */
		53E20E6828DD6217004DEE0D /* Sources */ = {
			isa = PBXSourcesBuildPhase;
			buildActionMask = 2147483647;
			files = (
				53D0D01B28E1B0210047AAE8 /* StudentsListViewController2.swift in Sources */,
				53E20E8D28DD63BD004DEE0D /* StudentsListVM.swift in Sources */,
				53D0D01D28E1B1080047AAE8 /* StudentsListVM2.swift in Sources */,
				53E20E8528DD6357004DEE0D /* StudentsListViewController.swift in Sources */,
				53E20E7428DD6217004DEE0D /* ViewController.swift in Sources */,
				53E20E7028DD6217004DEE0D /* AppDelegate.swift in Sources */,
				53E20E9A28DD66CE004DEE0D /* StudentsListRowVM.swift in Sources */,
				53E20E8A28DD639E004DEE0D /* StudentsEditViewController.swift in Sources */,
				53E20E7228DD6217004DEE0D /* SceneDelegate.swift in Sources */,
				53E20E8F28DD63F9004DEE0D /* StudentsModel.swift in Sources */,
				53D0D02228E1B1820047AAE8 /* StudentsListCell2.swift in Sources */,
				53D0D01F28E1B14A0047AAE8 /* StudentsListRowVM2.swift in Sources */,
				53E20E9728DD64C3004DEE0D /* StudentsListCell.swift in Sources */,
				53D0D02728E1B4A40047AAE8 /* StudentsEditViewController2.swift in Sources */,
			);
			runOnlyForDeploymentPostprocessing = 0;
		};
/* End PBXSourcesBuildPhase section */

/* Begin PBXVariantGroup section */
		53E20E7528DD6217004DEE0D /* Main.storyboard */ = {
			isa = PBXVariantGroup;
			children = (
				53E20E7628DD6217004DEE0D /* Base */,
			);
			name = Main.storyboard;
			sourceTree = "<group>";
		};
		53E20E7A28DD6218004DEE0D /* LaunchScreen.storyboard */ = {
			isa = PBXVariantGroup;
			children = (
				53E20E7B28DD6218004DEE0D /* Base */,
			);
			name = LaunchScreen.storyboard;
			sourceTree = "<group>";
		};
/* End PBXVariantGroup section */

/* Begin XCBuildConfiguration section */
		53E20E7E28DD6218004DEE0D /* Debug */ = {
			isa = XCBuildConfiguration;
			buildSettings = {
				ALWAYS_SEARCH_USER_PATHS = NO;
				CLANG_ANALYZER_NONNULL = YES;
				CLANG_ANALYZER_NUMBER_OBJECT_CONVERSION = YES_AGGRESSIVE;
				CLANG_CXX_LANGUAGE_STANDARD = "gnu++17";
				CLANG_ENABLE_MODULES = YES;
				CLANG_ENABLE_OBJC_ARC = YES;
				CLANG_ENABLE_OBJC_WEAK = YES;
				CLANG_WARN_BLOCK_CAPTURE_AUTORELEASING = YES;
				CLANG_WARN_BOOL_CONVERSION = YES;
				CLANG_WARN_COMMA = YES;
				CLANG_WARN_CONSTANT_CONVERSION = YES;
				CLANG_WARN_DEPRECATED_OBJC_IMPLEMENTATIONS = YES;
				CLANG_WARN_DIRECT_OBJC_ISA_USAGE = YES_ERROR;
				CLANG_WARN_DOCUMENTATION_COMMENTS = YES;
				CLANG_WARN_EMPTY_BODY = YES;
				CLANG_WARN_ENUM_CONVERSION = YES;
				CLANG_WARN_INFINITE_RECURSION = YES;
				CLANG_WARN_INT_CONVERSION = YES;
				CLANG_WARN_NON_LITERAL_NULL_CONVERSION = YES;
				CLANG_WARN_OBJC_IMPLICIT_RETAIN_SELF = YES;
				CLANG_WARN_OBJC_LITERAL_CONVERSION = YES;
				CLANG_WARN_OBJC_ROOT_CLASS = YES_ERROR;
				CLANG_WARN_QUOTED_INCLUDE_IN_FRAMEWORK_HEADER = YES;
				CLANG_WARN_RANGE_LOOP_ANALYSIS = YES;
				CLANG_WARN_STRICT_PROTOTYPES = YES;
				CLANG_WARN_SUSPICIOUS_MOVE = YES;
				CLANG_WARN_UNGUARDED_AVAILABILITY = YES_AGGRESSIVE;
				CLANG_WARN_UNREACHABLE_CODE = YES;
				CLANG_WARN__DUPLICATE_METHOD_MATCH = YES;
				COPY_PHASE_STRIP = NO;
				DEBUG_INFORMATION_FORMAT = dwarf;
				ENABLE_STRICT_OBJC_MSGSEND = YES;
				ENABLE_TESTABILITY = YES;
				GCC_C_LANGUAGE_STANDARD = gnu11;
				GCC_DYNAMIC_NO_PIC = NO;
				GCC_NO_COMMON_BLOCKS = YES;
				GCC_OPTIMIZATION_LEVEL = 0;
				GCC_PREPROCESSOR_DEFINITIONS = (
					"DEBUG=1",
					"$(inherited)",
				);
				GCC_WARN_64_TO_32_BIT_CONVERSION = YES;
				GCC_WARN_ABOUT_RETURN_TYPE = YES_ERROR;
				GCC_WARN_UNDECLARED_SELECTOR = YES;
				GCC_WARN_UNINITIALIZED_AUTOS = YES_AGGRESSIVE;
				GCC_WARN_UNUSED_FUNCTION = YES;
				GCC_WARN_UNUSED_VARIABLE = YES;
				IPHONEOS_DEPLOYMENT_TARGET = 15.4;
				MTL_ENABLE_DEBUG_INFO = INCLUDE_SOURCE;
				MTL_FAST_MATH = YES;
				ONLY_ACTIVE_ARCH = YES;
				SDKROOT = iphoneos;
				SWIFT_ACTIVE_COMPILATION_CONDITIONS = DEBUG;
				SWIFT_OPTIMIZATION_LEVEL = "-Onone";
			};
			name = Debug;
		};
		53E20E7F28DD6218004DEE0D /* Release */ = {
			isa = XCBuildConfiguration;
			buildSettings = {
				ALWAYS_SEARCH_USER_PATHS = NO;
				CLANG_ANALYZER_NONNULL = YES;
				CLANG_ANALYZER_NUMBER_OBJECT_CONVERSION = YES_AGGRESSIVE;
				CLANG_CXX_LANGUAGE_STANDARD = "gnu++17";
				CLANG_ENABLE_MODULES = YES;
				CLANG_ENABLE_OBJC_ARC = YES;
				CLANG_ENABLE_OBJC_WEAK = YES;
				CLANG_WARN_BLOCK_CAPTURE_AUTORELEASING = YES;
				CLANG_WARN_BOOL_CONVERSION = YES;
				CLANG_WARN_COMMA = YES;
				CLANG_WARN_CONSTANT_CONVERSION = YES;
				CLANG_WARN_DEPRECATED_OBJC_IMPLEMENTATIONS = YES;
				CLANG_WARN_DIRECT_OBJC_ISA_USAGE = YES_ERROR;
				CLANG_WARN_DOCUMENTATION_COMMENTS = YES;
				CLANG_WARN_EMPTY_BODY = YES;
				CLANG_WARN_ENUM_CONVERSION = YES;
				CLANG_WARN_INFINITE_RECURSION = YES;
				CLANG_WARN_INT_CONVERSION = YES;
				CLANG_WARN_NON_LITERAL_NULL_CONVERSION = YES;
				CLANG_WARN_OBJC_IMPLICIT_RETAIN_SELF = YES;
				CLANG_WARN_OBJC_LITERAL_CONVERSION = YES;
				CLANG_WARN_OBJC_ROOT_CLASS = YES_ERROR;
				CLANG_WARN_QUOTED_INCLUDE_IN_FRAMEWORK_HEADER = YES;
				CLANG_WARN_RANGE_LOOP_ANALYSIS = YES;
				CLANG_WARN_STRICT_PROTOTYPES = YES;
				CLANG_WARN_SUSPICIOUS_MOVE = YES;
				CLANG_WARN_UNGUARDED_AVAILABILITY = YES_AGGRESSIVE;
				CLANG_WARN_UNREACHABLE_CODE = YES;
				CLANG_WARN__DUPLICATE_METHOD_MATCH = YES;
				COPY_PHASE_STRIP = NO;
				DEBUG_INFORMATION_FORMAT = "dwarf-with-dsym";
				ENABLE_NS_ASSERTIONS = NO;
				ENABLE_STRICT_OBJC_MSGSEND = YES;
				GCC_C_LANGUAGE_STANDARD = gnu11;
				GCC_NO_COMMON_BLOCKS = YES;
				GCC_WARN_64_TO_32_BIT_CONVERSION = YES;
				GCC_WARN_ABOUT_RETURN_TYPE = YES_ERROR;
				GCC_WARN_UNDECLARED_SELECTOR = YES;
				GCC_WARN_UNINITIALIZED_AUTOS = YES_AGGRESSIVE;
				GCC_WARN_UNUSED_FUNCTION = YES;
				GCC_WARN_UNUSED_VARIABLE = YES;
				IPHONEOS_DEPLOYMENT_TARGET = 15.4;
				MTL_ENABLE_DEBUG_INFO = NO;
				MTL_FAST_MATH = YES;
				SDKROOT = iphoneos;
				SWIFT_COMPILATION_MODE = wholemodule;
				SWIFT_OPTIMIZATION_LEVEL = "-O";
				VALIDATE_PRODUCT = YES;
			};
			name = Release;
		};
		53E20E8128DD6218004DEE0D /* Debug */ = {
			isa = XCBuildConfiguration;
			baseConfigurationReference = 65DDCC202AC5C97C74509FBF /* Pods-ATMVVMDemo.debug.xcconfig */;
			buildSettings = {
				ASSETCATALOG_COMPILER_APPICON_NAME = AppIcon;
				ASSETCATALOG_COMPILER_GLOBAL_ACCENT_COLOR_NAME = AccentColor;
				CODE_SIGN_STYLE = Automatic;
				CURRENT_PROJECT_VERSION = 1;
				DEVELOPMENT_TEAM = X77K95YFU8;
				GENERATE_INFOPLIST_FILE = YES;
				INFOPLIST_FILE = ATMVVMDemo/Info.plist;
				INFOPLIST_KEY_UIApplicationSupportsIndirectInputEvents = YES;
				INFOPLIST_KEY_UILaunchStoryboardName = LaunchScreen;
				INFOPLIST_KEY_UIMainStoryboardFile = Main;
				INFOPLIST_KEY_UISupportedInterfaceOrientations_iPad = "UIInterfaceOrientationPortrait UIInterfaceOrientationPortraitUpsideDown UIInterfaceOrientationLandscapeLeft UIInterfaceOrientationLandscapeRight";
				INFOPLIST_KEY_UISupportedInterfaceOrientations_iPhone = "UIInterfaceOrientationPortrait UIInterfaceOrientationLandscapeLeft UIInterfaceOrientationLandscapeRight";
				LD_RUNPATH_SEARCH_PATHS = (
					"$(inherited)",
					"@executable_path/Frameworks",
				);
				MARKETING_VERSION = 1.0;
				PRODUCT_BUNDLE_IDENTIFIER = com.brownlee.ATMVVMDemo;
				PRODUCT_NAME = "$(TARGET_NAME)";
				SWIFT_EMIT_LOC_STRINGS = YES;
				SWIFT_VERSION = 5.0;
				TARGETED_DEVICE_FAMILY = "1,2";
			};
			name = Debug;
		};
		53E20E8228DD6218004DEE0D /* Release */ = {
			isa = XCBuildConfiguration;
			baseConfigurationReference = B4359648759E44E24BF0AB18 /* Pods-ATMVVMDemo.release.xcconfig */;
			buildSettings = {
				ASSETCATALOG_COMPILER_APPICON_NAME = AppIcon;
				ASSETCATALOG_COMPILER_GLOBAL_ACCENT_COLOR_NAME = AccentColor;
				CODE_SIGN_STYLE = Automatic;
				CURRENT_PROJECT_VERSION = 1;
				DEVELOPMENT_TEAM = X77K95YFU8;
				GENERATE_INFOPLIST_FILE = YES;
				INFOPLIST_FILE = ATMVVMDemo/Info.plist;
				INFOPLIST_KEY_UIApplicationSupportsIndirectInputEvents = YES;
				INFOPLIST_KEY_UILaunchStoryboardName = LaunchScreen;
				INFOPLIST_KEY_UIMainStoryboardFile = Main;
				INFOPLIST_KEY_UISupportedInterfaceOrientations_iPad = "UIInterfaceOrientationPortrait UIInterfaceOrientationPortraitUpsideDown UIInterfaceOrientationLandscapeLeft UIInterfaceOrientationLandscapeRight";
				INFOPLIST_KEY_UISupportedInterfaceOrientations_iPhone = "UIInterfaceOrientationPortrait UIInterfaceOrientationLandscapeLeft UIInterfaceOrientationLandscapeRight";
				LD_RUNPATH_SEARCH_PATHS = (
					"$(inherited)",
					"@executable_path/Frameworks",
				);
				MARKETING_VERSION = 1.0;
				PRODUCT_BUNDLE_IDENTIFIER = com.brownlee.ATMVVMDemo;
				PRODUCT_NAME = "$(TARGET_NAME)";
				SWIFT_EMIT_LOC_STRINGS = YES;
				SWIFT_VERSION = 5.0;
				TARGETED_DEVICE_FAMILY = "1,2";
			};
			name = Release;
		};
/* End XCBuildConfiguration section */

/* Begin XCConfigurationList section */
		53E20E6728DD6217004DEE0D /* Build configuration list for PBXProject "ATMVVMDemo" */ = {
			isa = XCConfigurationList;
			buildConfigurations = (
				53E20E7E28DD6218004DEE0D /* Debug */,
				53E20E7F28DD6218004DEE0D /* Release */,
			);
			defaultConfigurationIsVisible = 0;
			defaultConfigurationName = Release;
		};
		53E20E8028DD6218004DEE0D /* Build configuration list for PBXNativeTarget "ATMVVMDemo" */ = {
			isa = XCConfigurationList;
			buildConfigurations = (
				53E20E8128DD6218004DEE0D /* Debug */,
				53E20E8228DD6218004DEE0D /* Release */,
			);
			defaultConfigurationIsVisible = 0;
			defaultConfigurationName = Release;
		};
/* End XCConfigurationList section */
	};
	rootObject = 53E20E6428DD6217004DEE0D /* Project object */;
}
